
Microsoft Visual Studio Solution File, Format Version 12.00
# Visual Studio Version 17
VisualStudioVersion = 17.7.34031.279
MinimumVisualStudioVersion = 10.0.40219.1
Project("{FAE04EC0-301F-11D3-BF4B-00C04F79EFBC}") = "Loan Calculators", "Loan Calculators.csproj", "{8CDCAA0E-9AC2-4F9D-AB74-F9DE1C4F410F}"
EndProject
Global
	GlobalSection(SolutionConfigurationPlatforms) = preSolution
		Debug|Any CPU = Debug|Any CPU
		Release|Any CPU = Release|Any CPU
	EndGlobalSection
	GlobalSection(ProjectConfigurationPlatforms) = postSolution
		{8CDCAA0E-9AC2-4F9D-AB74-F9DE1C4F410F}.Debug|Any CPU.ActiveCfg = Debug|Any CPU
		{8CDCAA0E-9AC2-4F9D-AB74-F9DE1C4F410F}.Debug|Any CPU.Build.0 = Debug|Any CPU
		{8CDCAA0E-9AC2-4F9D-AB74-F9DE1C4F410F}.Release|Any CPU.ActiveCfg = Release|Any CPU
		{8CDCAA0E-9AC2-4F9D-AB74-F9DE1C4F410F}.Release|Any CPU.Build.0 = Release|Any CPU
	EndGlobalSection
	GlobalSection(SolutionProperties) = preSolution
		HideSolutionNode = FALSE
	EndGlobalSection
	GlobalSection(ExtensibilityGlobals) = postSolution
		SolutionGuid = {8F4462E9-F1E9-4888-898E-2F815D1D0B37}
	EndGlobalSection
EndGlobal
